
Microsoft Visual Studio Solution File, Format Version 12.00
# Visual Studio 15
VisualStudioVersion = 15.0.28307.1000
MinimumVisualStudioVersion = 10.0.40219.1
Project("{2150E333-8FDC-42A3-9474-1A3956D46DE8}") = "00.ST", "00.ST", "{F5F7EC68-7846-4107-B6E4-65FE2AAB9144}"
EndProject
Project("{2150E333-8FDC-42A3-9474-1A3956D46DE8}") = "10.SF", "10.SF", "{C59FA50C-3D58-4CFE-BCE3-85074CF3D160}"
EndProject
Project("{2150E333-8FDC-42A3-9474-1A3956D46DE8}") = "20.SP", "20.SP", "{C0F0B1A9-BB75-482D-8845-C779D513B31B}"
EndProject
Project("{2150E333-8FDC-42A3-9474-1A3956D46DE8}") = "01.S", "01.S", "{AEB6F92E-1932-40E0-9738-1AF8386BE26B}"
EndProject
Project("{2150E333-8FDC-42A3-9474-1A3956D46DE8}") = "02.T", "02.T", "{E2DCA8E7-9FE2-4D67-A902-713C6C49CA77}"
EndProject
Project("{2150E333-8FDC-42A3-9474-1A3956D46DE8}") = "01.01.DesignPattern", "01.01.DesignPattern", "{ED292819-EF27-41BA-AA2A-AB719C937AE6}"
EndProject
Project("{FAE04EC0-301F-11D3-BF4B-00C04F79EFBC}") = "S_DesignPattern", "S_DesignPattern\S_DesignPattern.csproj", "{CAC121E2-BBA8-42DF-917F-19018E2FB622}"
EndProject
Project("{2150E333-8FDC-42A3-9474-1A3956D46DE8}") = "Common", "Common", "{754959D9-5A3E-4F1A-B11E-86781D30659B}"
EndProject
Project("{2150E333-8FDC-42A3-9474-1A3956D46DE8}") = "01.WinForm", "01.WinForm", "{CDA32E7E-1896-43FE-A082-B6FE841300CF}"
EndProject
Project("{FAE04EC0-301F-11D3-BF4B-00C04F79EFBC}") = "SF_Form", "SF_Form\SF_Form.csproj", "{F0F77E40-B2DC-4629-A334-48E39647A6AC}"
EndProject
Global
	GlobalSection(SolutionConfigurationPlatforms) = preSolution
		Debug|Any CPU = Debug|Any CPU
		Release|Any CPU = Release|Any CPU
	EndGlobalSection
	GlobalSection(ProjectConfigurationPlatforms) = postSolution
		{CAC121E2-BBA8-42DF-917F-19018E2FB622}.Debug|Any CPU.ActiveCfg = Debug|Any CPU
		{CAC121E2-BBA8-42DF-917F-19018E2FB622}.Debug|Any CPU.Build.0 = Debug|Any CPU
		{CAC121E2-BBA8-42DF-917F-19018E2FB622}.Release|Any CPU.ActiveCfg = Release|Any CPU
		{CAC121E2-BBA8-42DF-917F-19018E2FB622}.Release|Any CPU.Build.0 = Release|Any CPU
		{F0F77E40-B2DC-4629-A334-48E39647A6AC}.Debug|Any CPU.ActiveCfg = Debug|Any CPU
		{F0F77E40-B2DC-4629-A334-48E39647A6AC}.Debug|Any CPU.Build.0 = Debug|Any CPU
		{F0F77E40-B2DC-4629-A334-48E39647A6AC}.Release|Any CPU.ActiveCfg = Release|Any CPU
		{F0F77E40-B2DC-4629-A334-48E39647A6AC}.Release|Any CPU.Build.0 = Release|Any CPU
	EndGlobalSection
	GlobalSection(SolutionProperties) = preSolution
		HideSolutionNode = FALSE
	EndGlobalSection
	GlobalSection(NestedProjects) = preSolution
		{AEB6F92E-1932-40E0-9738-1AF8386BE26B} = {F5F7EC68-7846-4107-B6E4-65FE2AAB9144}
		{E2DCA8E7-9FE2-4D67-A902-713C6C49CA77} = {F5F7EC68-7846-4107-B6E4-65FE2AAB9144}
		{ED292819-EF27-41BA-AA2A-AB719C937AE6} = {AEB6F92E-1932-40E0-9738-1AF8386BE26B}
		{CAC121E2-BBA8-42DF-917F-19018E2FB622} = {ED292819-EF27-41BA-AA2A-AB719C937AE6}
		{CDA32E7E-1896-43FE-A082-B6FE841300CF} = {C59FA50C-3D58-4CFE-BCE3-85074CF3D160}
		{F0F77E40-B2DC-4629-A334-48E39647A6AC} = {CDA32E7E-1896-43FE-A082-B6FE841300CF}
	EndGlobalSection
	GlobalSection(ExtensibilityGlobals) = postSolution
		SolutionGuid = {0B10B0BA-FF03-4EDC-95B0-824C01CB4301}
	EndGlobalSection
EndGlobal
